
Microsoft Visual Studio Solution File, Format Version 12.00
# Visual Studio Version 17
VisualStudioVersion = 17.4.33122.133
MinimumVisualStudioVersion = 10.0.40219.1
Project("{9A19103F-16F7-4668-BE54-9A1E7A4F7556}") = "Day1", "Day1\Day1.csproj", "{1519A62B-C1D1-40E5-886E-BE697BC7BDA0}"
EndProject
Project("{9A19103F-16F7-4668-BE54-9A1E7A4F7556}") = "Day2", "Day2\Day2.csproj", "{F7E42142-62C5-4668-BB2D-7CEFF1AF856A}"
EndProject
Project("{9A19103F-16F7-4668-BE54-9A1E7A4F7556}") = "Day3", "Day3\Day3.csproj", "{51C58B58-BCD7-4D95-8E43-66E4C59ACA9A}"
EndProject
Project("{9A19103F-16F7-4668-BE54-9A1E7A4F7556}") = "Day4", "Day4\Day4.csproj", "{15D508D2-B7AF-410C-A45B-15F1C5278360}"
EndProject
Project("{9A19103F-16F7-4668-BE54-9A1E7A4F7556}") = "Day5", "Day5\Day5.csproj", "{29B46123-4387-4E8B-B655-C8D0843097ED}"
EndProject
Project("{9A19103F-16F7-4668-BE54-9A1E7A4F7556}") = "Day6", "Day6\Day6.csproj", "{F6598739-0DB4-463A-A7E1-6C9441229B9E}"
EndProject
Project("{9A19103F-16F7-4668-BE54-9A1E7A4F7556}") = "Day7", "Day7\Day7.csproj", "{FF9F3D5A-5E9F-4AA1-83CA-E1974D68483A}"
EndProject
Project("{9A19103F-16F7-4668-BE54-9A1E7A4F7556}") = "Day8", "Day8\Day8.csproj", "{CD755C5C-A510-42FE-9744-010BDBC42F1E}"
EndProject
Project("{9A19103F-16F7-4668-BE54-9A1E7A4F7556}") = "Common", "Common\Common.csproj", "{B82C4EDE-6214-437A-808B-3CF70E211106}"
EndProject
Project("{9A19103F-16F7-4668-BE54-9A1E7A4F7556}") = "Day9", "Day9\Day9.csproj", "{0D9F4A36-04E1-407A-B6DB-749CC74E28AE}"
EndProject
Project("{9A19103F-16F7-4668-BE54-9A1E7A4F7556}") = "Day10", "Day10\Day10.csproj", "{B19C594F-BF4F-463F-AA12-0741E18EB934}"
EndProject
Project("{FAE04EC0-301F-11D3-BF4B-00C04F79EFBC}") = "Day11", "Day11\Day11.csproj", "{F34CB93A-81FF-41A4-B284-800939EAF8E1}"
EndProject
Project("{FAE04EC0-301F-11D3-BF4B-00C04F79EFBC}") = "Day12", "Day12\Day12.csproj", "{D446CEE8-21D5-4742-A074-F17A8F719301}"
EndProject
Global
	GlobalSection(SolutionConfigurationPlatforms) = preSolution
		Debug|Any CPU = Debug|Any CPU
		Release|Any CPU = Release|Any CPU
	EndGlobalSection
	GlobalSection(ProjectConfigurationPlatforms) = postSolution
		{1519A62B-C1D1-40E5-886E-BE697BC7BDA0}.Debug|Any CPU.ActiveCfg = Debug|Any CPU
		{1519A62B-C1D1-40E5-886E-BE697BC7BDA0}.Debug|Any CPU.Build.0 = Debug|Any CPU
		{1519A62B-C1D1-40E5-886E-BE697BC7BDA0}.Release|Any CPU.ActiveCfg = Release|Any CPU
		{1519A62B-C1D1-40E5-886E-BE697BC7BDA0}.Release|Any CPU.Build.0 = Release|Any CPU
		{F7E42142-62C5-4668-BB2D-7CEFF1AF856A}.Debug|Any CPU.ActiveCfg = Debug|Any CPU
		{F7E42142-62C5-4668-BB2D-7CEFF1AF856A}.Debug|Any CPU.Build.0 = Debug|Any CPU
		{F7E42142-62C5-4668-BB2D-7CEFF1AF856A}.Release|Any CPU.ActiveCfg = Release|Any CPU
		{F7E42142-62C5-4668-BB2D-7CEFF1AF856A}.Release|Any CPU.Build.0 = Release|Any CPU
		{51C58B58-BCD7-4D95-8E43-66E4C59ACA9A}.Debug|Any CPU.ActiveCfg = Debug|Any CPU
		{51C58B58-BCD7-4D95-8E43-66E4C59ACA9A}.Debug|Any CPU.Build.0 = Debug|Any CPU
		{51C58B58-BCD7-4D95-8E43-66E4C59ACA9A}.Release|Any CPU.ActiveCfg = Release|Any CPU
		{51C58B58-BCD7-4D95-8E43-66E4C59ACA9A}.Release|Any CPU.Build.0 = Release|Any CPU
		{15D508D2-B7AF-410C-A45B-15F1C5278360}.Debug|Any CPU.ActiveCfg = Debug|Any CPU
		{15D508D2-B7AF-410C-A45B-15F1C5278360}.Debug|Any CPU.Build.0 = Debug|Any CPU
		{15D508D2-B7AF-410C-A45B-15F1C5278360}.Release|Any CPU.ActiveCfg = Release|Any CPU
		{15D508D2-B7AF-410C-A45B-15F1C5278360}.Release|Any CPU.Build.0 = Release|Any CPU
		{29B46123-4387-4E8B-B655-C8D0843097ED}.Debug|Any CPU.ActiveCfg = Debug|Any CPU
		{29B46123-4387-4E8B-B655-C8D0843097ED}.Debug|Any CPU.Build.0 = Debug|Any CPU
		{29B46123-4387-4E8B-B655-C8D0843097ED}.Release|Any CPU.ActiveCfg = Release|Any CPU
		{29B46123-4387-4E8B-B655-C8D0843097ED}.Release|Any CPU.Build.0 = Release|Any CPU
		{F6598739-0DB4-463A-A7E1-6C9441229B9E}.Debug|Any CPU.ActiveCfg = Debug|Any CPU
		{F6598739-0DB4-463A-A7E1-6C9441229B9E}.Debug|Any CPU.Build.0 = Debug|Any CPU
		{F6598739-0DB4-463A-A7E1-6C9441229B9E}.Release|Any CPU.ActiveCfg = Release|Any CPU
		{F6598739-0DB4-463A-A7E1-6C9441229B9E}.Release|Any CPU.Build.0 = Release|Any CPU
		{FF9F3D5A-5E9F-4AA1-83CA-E1974D68483A}.Debug|Any CPU.ActiveCfg = Debug|Any CPU
		{FF9F3D5A-5E9F-4AA1-83CA-E1974D68483A}.Debug|Any CPU.Build.0 = Debug|Any CPU
		{FF9F3D5A-5E9F-4AA1-83CA-E1974D68483A}.Release|Any CPU.ActiveCfg = Release|Any CPU
		{FF9F3D5A-5E9F-4AA1-83CA-E1974D68483A}.Release|Any CPU.Build.0 = Release|Any CPU
		{CD755C5C-A510-42FE-9744-010BDBC42F1E}.Debug|Any CPU.ActiveCfg = Debug|Any CPU
		{CD755C5C-A510-42FE-9744-010BDBC42F1E}.Debug|Any CPU.Build.0 = Debug|Any CPU
		{CD755C5C-A510-42FE-9744-010BDBC42F1E}.Release|Any CPU.ActiveCfg = Release|Any CPU
		{CD755C5C-A510-42FE-9744-010BDBC42F1E}.Release|Any CPU.Build.0 = Release|Any CPU
		{B82C4EDE-6214-437A-808B-3CF70E211106}.Debug|Any CPU.ActiveCfg = Debug|Any CPU
		{B82C4EDE-6214-437A-808B-3CF70E211106}.Debug|Any CPU.Build.0 = Debug|Any CPU
		{B82C4EDE-6214-437A-808B-3CF70E211106}.Release|Any CPU.ActiveCfg = Release|Any CPU
		{B82C4EDE-6214-437A-808B-3CF70E211106}.Release|Any CPU.Build.0 = Release|Any CPU
		{0D9F4A36-04E1-407A-B6DB-749CC74E28AE}.Debug|Any CPU.ActiveCfg = Debug|Any CPU
		{0D9F4A36-04E1-407A-B6DB-749CC74E28AE}.Debug|Any CPU.Build.0 = Debug|Any CPU
		{0D9F4A36-04E1-407A-B6DB-749CC74E28AE}.Release|Any CPU.ActiveCfg = Release|Any CPU
		{0D9F4A36-04E1-407A-B6DB-749CC74E28AE}.Release|Any CPU.Build.0 = Release|Any CPU
		{B19C594F-BF4F-463F-AA12-0741E18EB934}.Debug|Any CPU.ActiveCfg = Debug|Any CPU
		{B19C594F-BF4F-463F-AA12-0741E18EB934}.Debug|Any CPU.Build.0 = Debug|Any CPU
		{B19C594F-BF4F-463F-AA12-0741E18EB934}.Release|Any CPU.ActiveCfg = Release|Any CPU
		{B19C594F-BF4F-463F-AA12-0741E18EB934}.Release|Any CPU.Build.0 = Release|Any CPU
		{F34CB93A-81FF-41A4-B284-800939EAF8E1}.Debug|Any CPU.ActiveCfg = Debug|Any CPU
		{F34CB93A-81FF-41A4-B284-800939EAF8E1}.Debug|Any CPU.Build.0 = Debug|Any CPU
		{F34CB93A-81FF-41A4-B284-800939EAF8E1}.Release|Any CPU.ActiveCfg = Release|Any CPU
		{F34CB93A-81FF-41A4-B284-800939EAF8E1}.Release|Any CPU.Build.0 = Release|Any CPU
		{D446CEE8-21D5-4742-A074-F17A8F719301}.Debug|Any CPU.ActiveCfg = Debug|Any CPU
		{D446CEE8-21D5-4742-A074-F17A8F719301}.Debug|Any CPU.Build.0 = Debug|Any CPU
		{D446CEE8-21D5-4742-A074-F17A8F719301}.Release|Any CPU.ActiveCfg = Release|Any CPU
		{D446CEE8-21D5-4742-A074-F17A8F719301}.Release|Any CPU.Build.0 = Release|Any CPU
	EndGlobalSection
	GlobalSection(SolutionProperties) = preSolution
		HideSolutionNode = FALSE
	EndGlobalSection
	GlobalSection(ExtensibilityGlobals) = postSolution
		SolutionGuid = {78BF4F40-E989-41BC-B2D3-084EE3F55798}
	EndGlobalSection
EndGlobal
